// !$*UTF8*$!
{
	archiveVersion = 1;
	classes = {
	};
	objectVersion = 55;
	objects = {

/* Begin PBXBuildFile section */
		C7512A8E27B21DD5003E40F7 /* EditDateCell.swift in Sources */ = {isa = PBXBuildFile; fileRef = C7512A8D27B21DD5003E40F7 /* EditDateCell.swift */; };
		C7512A9027B21E2F003E40F7 /* EditNotesCell.swift in Sources */ = {isa = PBXBuildFile; fileRef = C7512A8F27B21E2F003E40F7 /* EditNotesCell.swift */; };
		C7512A9227B221BE003E40F7 /* ReminderDetailEditDataSource.swift in Sources */ = {isa = PBXBuildFile; fileRef = C7512A9127B221BE003E40F7 /* ReminderDetailEditDataSource.swift */; };
		C760B58C27AF641A004B9D9E /* AppDelegate.swift in Sources */ = {isa = PBXBuildFile; fileRef = C760B58B27AF641A004B9D9E /* AppDelegate.swift */; };
		C760B58E27AF641A004B9D9E /* SceneDelegate.swift in Sources */ = {isa = PBXBuildFile; fileRef = C760B58D27AF641A004B9D9E /* SceneDelegate.swift */; };
		C760B59027AF641A004B9D9E /* ReminderListViewController.swift in Sources */ = {isa = PBXBuildFile; fileRef = C760B58F27AF641A004B9D9E /* ReminderListViewController.swift */; };
		C760B59327AF641A004B9D9E /* Main.storyboard in Resources */ = {isa = PBXBuildFile; fileRef = C760B59127AF641A004B9D9E /* Main.storyboard */; };
		C760B59527AF641C004B9D9E /* Assets.xcassets in Resources */ = {isa = PBXBuildFile; fileRef = C760B59427AF641C004B9D9E /* Assets.xcassets */; };
		C760B59827AF641C004B9D9E /* LaunchScreen.storyboard in Resources */ = {isa = PBXBuildFile; fileRef = C760B59627AF641C004B9D9E /* LaunchScreen.storyboard */; };
		C760B5A427AF8863004B9D9E /* ReminderListCell.swift in Sources */ = {isa = PBXBuildFile; fileRef = C760B5A327AF8863004B9D9E /* ReminderListCell.swift */; };
		C760B5A827B08837004B9D9E /* ReminderDetailViewController.swift in Sources */ = {isa = PBXBuildFile; fileRef = C760B5A727B08837004B9D9E /* ReminderDetailViewController.swift */; };
		C760B5AA27B0C624004B9D9E /* ReminderListDataSource.swift in Sources */ = {isa = PBXBuildFile; fileRef = C760B5A927B0C624004B9D9E /* ReminderListDataSource.swift */; };
		C760B5AC27B0D30E004B9D9E /* ReminderViewDetailDataSource.swift in Sources */ = {isa = PBXBuildFile; fileRef = C760B5AB27B0D30E004B9D9E /* ReminderViewDetailDataSource.swift */; };
		C760B5AF27B1FFA5004B9D9E /* EditTitleCell.swift in Sources */ = {isa = PBXBuildFile; fileRef = C760B5AE27B1FFA5004B9D9E /* EditTitleCell.swift */; };
		C78C261F27C3513000248AB2 /* TodayAppShared.h in Headers */ = {isa = PBXBuildFile; fileRef = C78C261E27C3513000248AB2 /* TodayAppShared.h */; settings = {ATTRIBUTES = (Public, ); }; };
		C78C262227C3513000248AB2 /* TodayAppShared.framework in Frameworks */ = {isa = PBXBuildFile; fileRef = C78C261C27C3513000248AB2 /* TodayAppShared.framework */; };
		C78C262327C3513000248AB2 /* TodayAppShared.framework in Embed Frameworks */ = {isa = PBXBuildFile; fileRef = C78C261C27C3513000248AB2 /* TodayAppShared.framework */; settings = {ATTRIBUTES = (CodeSignOnCopy, RemoveHeadersOnCopy, ); }; };
		C78C262A27C3514800248AB2 /* Reminder.swift in Sources */ = {isa = PBXBuildFile; fileRef = C78C262927C3514800248AB2 /* Reminder.swift */; };
		C78C262C27C3527800248AB2 /* TodayAppShared.framework in Frameworks */ = {isa = PBXBuildFile; fileRef = C78C261C27C3513000248AB2 /* TodayAppShared.framework */; };
/* End PBXBuildFile section */

/* Begin PBXContainerItemProxy section */
		C78C262027C3513000248AB2 /* PBXContainerItemProxy */ = {
			isa = PBXContainerItemProxy;
			containerPortal = C760B58027AF641A004B9D9E /* Project object */;
			proxyType = 1;
			remoteGlobalIDString = C78C261B27C3513000248AB2;
			remoteInfo = TodayAppShared;
		};
		C78C262D27C3527800248AB2 /* PBXContainerItemProxy */ = {
			isa = PBXContainerItemProxy;
			containerPortal = C760B58027AF641A004B9D9E /* Project object */;
			proxyType = 1;
			remoteGlobalIDString = C78C261B27C3513000248AB2;
			remoteInfo = TodayAppShared;
		};
/* End PBXContainerItemProxy section */

/* Begin PBXCopyFilesBuildPhase section */
		C78C262427C3513000248AB2 /* Embed Frameworks */ = {
			isa = PBXCopyFilesBuildPhase;
			buildActionMask = 2147483647;
			dstPath = "";
			dstSubfolderSpec = 10;
			files = (
				C78C262327C3513000248AB2 /* TodayAppShared.framework in Embed Frameworks */,
			);
			name = "Embed Frameworks";
			runOnlyForDeploymentPostprocessing = 0;
		};
/* End PBXCopyFilesBuildPhase section */

/* Begin PBXFileReference section */
		C7512A8D27B21DD5003E40F7 /* EditDateCell.swift */ = {isa = PBXFileReference; lastKnownFileType = sourcecode.swift; path = EditDateCell.swift; sourceTree = "<group>"; };
		C7512A8F27B21E2F003E40F7 /* EditNotesCell.swift */ = {isa = PBXFileReference; lastKnownFileType = sourcecode.swift; path = EditNotesCell.swift; sourceTree = "<group>"; };
		C7512A9127B221BE003E40F7 /* ReminderDetailEditDataSource.swift */ = {isa = PBXFileReference; lastKnownFileType = sourcecode.swift; path = ReminderDetailEditDataSource.swift; sourceTree = "<group>"; };
		C760B58827AF641A004B9D9E /* TodayApp.app */ = {isa = PBXFileReference; explicitFileType = wrapper.application; includeInIndex = 0; path = TodayApp.app; sourceTree = BUILT_PRODUCTS_DIR; };
		C760B58B27AF641A004B9D9E /* AppDelegate.swift */ = {isa = PBXFileReference; lastKnownFileType = sourcecode.swift; path = AppDelegate.swift; sourceTree = "<group>"; };
		C760B58D27AF641A004B9D9E /* SceneDelegate.swift */ = {isa = PBXFileReference; lastKnownFileType = sourcecode.swift; path = SceneDelegate.swift; sourceTree = "<group>"; };
		C760B58F27AF641A004B9D9E /* ReminderListViewController.swift */ = {isa = PBXFileReference; lastKnownFileType = sourcecode.swift; path = ReminderListViewController.swift; sourceTree = "<group>"; };
		C760B59227AF641A004B9D9E /* Base */ = {isa = PBXFileReference; lastKnownFileType = file.storyboard; name = Base; path = Base.lproj/Main.storyboard; sourceTree = "<group>"; };
		C760B59427AF641C004B9D9E /* Assets.xcassets */ = {isa = PBXFileReference; lastKnownFileType = folder.assetcatalog; path = Assets.xcassets; sourceTree = "<group>"; };
		C760B59727AF641C004B9D9E /* Base */ = {isa = PBXFileReference; lastKnownFileType = file.storyboard; name = Base; path = Base.lproj/LaunchScreen.storyboard; sourceTree = "<group>"; };
		C760B59927AF641C004B9D9E /* Info.plist */ = {isa = PBXFileReference; lastKnownFileType = text.plist.xml; path = Info.plist; sourceTree = "<group>"; };
		C760B5A327AF8863004B9D9E /* ReminderListCell.swift */ = {isa = PBXFileReference; lastKnownFileType = sourcecode.swift; path = ReminderListCell.swift; sourceTree = "<group>"; };
		C760B5A727B08837004B9D9E /* ReminderDetailViewController.swift */ = {isa = PBXFileReference; lastKnownFileType = sourcecode.swift; path = ReminderDetailViewController.swift; sourceTree = "<group>"; };
		C760B5A927B0C624004B9D9E /* ReminderListDataSource.swift */ = {isa = PBXFileReference; lastKnownFileType = sourcecode.swift; path = ReminderListDataSource.swift; sourceTree = "<group>"; };
		C760B5AB27B0D30E004B9D9E /* ReminderViewDetailDataSource.swift */ = {isa = PBXFileReference; lastKnownFileType = sourcecode.swift; path = ReminderViewDetailDataSource.swift; sourceTree = "<group>"; };
		C760B5AE27B1FFA5004B9D9E /* EditTitleCell.swift */ = {isa = PBXFileReference; lastKnownFileType = sourcecode.swift; path = EditTitleCell.swift; sourceTree = "<group>"; };
		C78C261C27C3513000248AB2 /* TodayAppShared.framework */ = {isa = PBXFileReference; explicitFileType = wrapper.framework; includeInIndex = 0; path = TodayAppShared.framework; sourceTree = BUILT_PRODUCTS_DIR; };
		C78C261E27C3513000248AB2 /* TodayAppShared.h */ = {isa = PBXFileReference; lastKnownFileType = sourcecode.c.h; path = TodayAppShared.h; sourceTree = "<group>"; };
		C78C262927C3514800248AB2 /* Reminder.swift */ = {isa = PBXFileReference; lastKnownFileType = sourcecode.swift; path = Reminder.swift; sourceTree = "<group>"; };
/* End PBXFileReference section */

/* Begin PBXFrameworksBuildPhase section */
		C760B58527AF641A004B9D9E /* Frameworks */ = {
			isa = PBXFrameworksBuildPhase;
			buildActionMask = 2147483647;
			files = (
				C78C262227C3513000248AB2 /* TodayAppShared.framework in Frameworks */,
				C78C262C27C3527800248AB2 /* TodayAppShared.framework in Frameworks */,
			);
			runOnlyForDeploymentPostprocessing = 0;
		};
		C78C261927C3513000248AB2 /* Frameworks */ = {
			isa = PBXFrameworksBuildPhase;
			buildActionMask = 2147483647;
			files = (
			);
			runOnlyForDeploymentPostprocessing = 0;
		};
/* End PBXFrameworksBuildPhase section */

/* Begin PBXGroup section */
		C760B57F27AF641A004B9D9E = {
			isa = PBXGroup;
			children = (
				C760B58A27AF641A004B9D9E /* TodayApp */,
				C78C261D27C3513000248AB2 /* TodayAppShared */,
				C760B58927AF641A004B9D9E /* Products */,
				C78C262B27C3527800248AB2 /* Frameworks */,
			);
			sourceTree = "<group>";
		};
		C760B58927AF641A004B9D9E /* Products */ = {
			isa = PBXGroup;
			children = (
				C760B58827AF641A004B9D9E /* TodayApp.app */,
				C78C261C27C3513000248AB2 /* TodayAppShared.framework */,
			);
			name = Products;
			sourceTree = "<group>";
		};
		C760B58A27AF641A004B9D9E /* TodayApp */ = {
			isa = PBXGroup;
			children = (
				C760B5A627B087C9004B9D9E /* ReminderDetail */,
				C760B5A527AF9EE3004B9D9E /* ReminderList */,
				C760B58B27AF641A004B9D9E /* AppDelegate.swift */,
				C760B58D27AF641A004B9D9E /* SceneDelegate.swift */,
				C760B59427AF641C004B9D9E /* Assets.xcassets */,
				C760B59627AF641C004B9D9E /* LaunchScreen.storyboard */,
				C760B59927AF641C004B9D9E /* Info.plist */,
			);
			path = TodayApp;
			sourceTree = "<group>";
		};
		C760B5A227AF87EC004B9D9E /* ViewCells */ = {
			isa = PBXGroup;
			children = (
				C760B5A327AF8863004B9D9E /* ReminderListCell.swift */,
			);
			path = ViewCells;
			sourceTree = "<group>";
		};
		C760B5A527AF9EE3004B9D9E /* ReminderList */ = {
			isa = PBXGroup;
			children = (
				C760B58F27AF641A004B9D9E /* ReminderListViewController.swift */,
				C760B59127AF641A004B9D9E /* Main.storyboard */,
				C760B5A227AF87EC004B9D9E /* ViewCells */,
				C760B5A927B0C624004B9D9E /* ReminderListDataSource.swift */,
			);
			path = ReminderList;
			sourceTree = "<group>";
		};
		C760B5A627B087C9004B9D9E /* ReminderDetail */ = {
			isa = PBXGroup;
			children = (
				C760B5AD27B1FF8B004B9D9E /* ViewCells */,
				C760B5A727B08837004B9D9E /* ReminderDetailViewController.swift */,
				C760B5AB27B0D30E004B9D9E /* ReminderViewDetailDataSource.swift */,
				C7512A9127B221BE003E40F7 /* ReminderDetailEditDataSource.swift */,
			);
			path = ReminderDetail;
			sourceTree = "<group>";
		};
		C760B5AD27B1FF8B004B9D9E /* ViewCells */ = {
			isa = PBXGroup;
			children = (
				C760B5AE27B1FFA5004B9D9E /* EditTitleCell.swift */,
				C7512A8D27B21DD5003E40F7 /* EditDateCell.swift */,
				C7512A8F27B21E2F003E40F7 /* EditNotesCell.swift */,
			);
			path = ViewCells;
			sourceTree = "<group>";
		};
		C78C261D27C3513000248AB2 /* TodayAppShared */ = {
			isa = PBXGroup;
			children = (
				C78C262827C3513B00248AB2 /* Models */,
				C78C261E27C3513000248AB2 /* TodayAppShared.h */,
			);
			path = TodayAppShared;
			sourceTree = "<group>";
		};
		C78C262827C3513B00248AB2 /* Models */ = {
			isa = PBXGroup;
			children = (
				C78C262927C3514800248AB2 /* Reminder.swift */,
			);
			path = Models;
			sourceTree = "<group>";
		};
		C78C262B27C3527800248AB2 /* Frameworks */ = {
			isa = PBXGroup;
			children = (
			);
			name = Frameworks;
			sourceTree = "<group>";
		};
/* End PBXGroup section */

/* Begin PBXHeadersBuildPhase section */
		C78C261727C3513000248AB2 /* Headers */ = {
			isa = PBXHeadersBuildPhase;
			buildActionMask = 2147483647;
			files = (
				C78C261F27C3513000248AB2 /* TodayAppShared.h in Headers */,
			);
			runOnlyForDeploymentPostprocessing = 0;
		};
/* End PBXHeadersBuildPhase section */

/* Begin PBXNativeTarget section */
		C760B58727AF641A004B9D9E /* TodayApp */ = {
			isa = PBXNativeTarget;
			buildConfigurationList = C760B59C27AF641C004B9D9E /* Build configuration list for PBXNativeTarget "TodayApp" */;
			buildPhases = (
				C760B58427AF641A004B9D9E /* Sources */,
				C760B58527AF641A004B9D9E /* Frameworks */,
				C760B58627AF641A004B9D9E /* Resources */,
				C78C262427C3513000248AB2 /* Embed Frameworks */,
			);
			buildRules = (
			);
			dependencies = (
				C78C262127C3513000248AB2 /* PBXTargetDependency */,
				C78C262E27C3527800248AB2 /* PBXTargetDependency */,
			);
			name = TodayApp;
			productName = TodayApp;
			productReference = C760B58827AF641A004B9D9E /* TodayApp.app */;
			productType = "com.apple.product-type.application";
		};
		C78C261B27C3513000248AB2 /* TodayAppShared */ = {
			isa = PBXNativeTarget;
			buildConfigurationList = C78C262727C3513000248AB2 /* Build configuration list for PBXNativeTarget "TodayAppShared" */;
			buildPhases = (
				C78C261727C3513000248AB2 /* Headers */,
				C78C261827C3513000248AB2 /* Sources */,
				C78C261927C3513000248AB2 /* Frameworks */,
				C78C261A27C3513000248AB2 /* Resources */,
			);
			buildRules = (
			);
			dependencies = (
			);
			name = TodayAppShared;
			productName = TodayAppShared;
			productReference = C78C261C27C3513000248AB2 /* TodayAppShared.framework */;
			productType = "com.apple.product-type.framework";
		};
/* End PBXNativeTarget section */

/* Begin PBXProject section */
		C760B58027AF641A004B9D9E /* Project object */ = {
			isa = PBXProject;
			attributes = {
				BuildIndependentTargetsInParallel = 1;
				LastSwiftUpdateCheck = 1320;
				LastUpgradeCheck = 1320;
				TargetAttributes = {
					C760B58727AF641A004B9D9E = {
						CreatedOnToolsVersion = 13.2.1;
					};
					C78C261B27C3513000248AB2 = {
						CreatedOnToolsVersion = 13.2.1;
						LastSwiftMigration = 1320;
					};
				};
			};
			buildConfigurationList = C760B58327AF641A004B9D9E /* Build configuration list for PBXProject "TodayApp" */;
			compatibilityVersion = "Xcode 13.0";
			developmentRegion = en;
			hasScannedForEncodings = 0;
			knownRegions = (
				en,
				Base,
			);
			mainGroup = C760B57F27AF641A004B9D9E;
			productRefGroup = C760B58927AF641A004B9D9E /* Products */;
			projectDirPath = "";
			projectRoot = "";
			targets = (
				C760B58727AF641A004B9D9E /* TodayApp */,
				C78C261B27C3513000248AB2 /* TodayAppShared */,
			);
		};
/* End PBXProject section */

/* Begin PBXResourcesBuildPhase section */
		C760B58627AF641A004B9D9E /* Resources */ = {
			isa = PBXResourcesBuildPhase;
			buildActionMask = 2147483647;
			files = (
				C760B59827AF641C004B9D9E /* LaunchScreen.storyboard in Resources */,
				C760B59527AF641C004B9D9E /* Assets.xcassets in Resources */,
				C760B59327AF641A004B9D9E /* Main.storyboard in Resources */,
			);
			runOnlyForDeploymentPostprocessing = 0;
		};
		C78C261A27C3513000248AB2 /* Resources */ = {
			isa = PBXResourcesBuildPhase;
			buildActionMask = 2147483647;
			files = (
			);
			runOnlyForDeploymentPostprocessing = 0;
		};
/* End PBXResourcesBuildPhase section */

/* Begin PBXSourcesBuildPhase section */
		C760B58427AF641A004B9D9E /* Sources */ = {
			isa = PBXSourcesBuildPhase;
			buildActionMask = 2147483647;
			files = (
				C760B59027AF641A004B9D9E /* ReminderListViewController.swift in Sources */,
				C760B5A427AF8863004B9D9E /* ReminderListCell.swift in Sources */,
				C760B5AF27B1FFA5004B9D9E /* EditTitleCell.swift in Sources */,
				C760B58C27AF641A004B9D9E /* AppDelegate.swift in Sources */,
				C760B5A827B08837004B9D9E /* ReminderDetailViewController.swift in Sources */,
				C760B5AC27B0D30E004B9D9E /* ReminderViewDetailDataSource.swift in Sources */,
				C760B58E27AF641A004B9D9E /* SceneDelegate.swift in Sources */,
				C7512A9027B21E2F003E40F7 /* EditNotesCell.swift in Sources */,
				C7512A8E27B21DD5003E40F7 /* EditDateCell.swift in Sources */,
				C760B5AA27B0C624004B9D9E /* ReminderListDataSource.swift in Sources */,
				C7512A9227B221BE003E40F7 /* ReminderDetailEditDataSource.swift in Sources */,
			);
			runOnlyForDeploymentPostprocessing = 0;
		};
		C78C261827C3513000248AB2 /* Sources */ = {
			isa = PBXSourcesBuildPhase;
			buildActionMask = 2147483647;
			files = (
				C78C262A27C3514800248AB2 /* Reminder.swift in Sources */,
			);
			runOnlyForDeploymentPostprocessing = 0;
		};
/* End PBXSourcesBuildPhase section */

/* Begin PBXTargetDependency section */
		C78C262127C3513000248AB2 /* PBXTargetDependency */ = {
			isa = PBXTargetDependency;
			target = C78C261B27C3513000248AB2 /* TodayAppShared */;
			targetProxy = C78C262027C3513000248AB2 /* PBXContainerItemProxy */;
		};
		C78C262E27C3527800248AB2 /* PBXTargetDependency */ = {
			isa = PBXTargetDependency;
			target = C78C261B27C3513000248AB2 /* TodayAppShared */;
			targetProxy = C78C262D27C3527800248AB2 /* PBXContainerItemProxy */;
		};
/* End PBXTargetDependency section */

/* Begin PBXVariantGroup section */
		C760B59127AF641A004B9D9E /* Main.storyboard */ = {
			isa = PBXVariantGroup;
			children = (
				C760B59227AF641A004B9D9E /* Base */,
			);
			name = Main.storyboard;
			sourceTree = "<group>";
		};
		C760B59627AF641C004B9D9E /* LaunchScreen.storyboard */ = {
			isa = PBXVariantGroup;
			children = (
				C760B59727AF641C004B9D9E /* Base */,
			);
			name = LaunchScreen.storyboard;
			sourceTree = "<group>";
		};
/* End PBXVariantGroup section */

/* Begin XCBuildConfiguration section */
		C760B59A27AF641C004B9D9E /* Debug */ = {
			isa = XCBuildConfiguration;
			buildSettings = {
				ALWAYS_SEARCH_USER_PATHS = NO;
				CLANG_ANALYZER_NONNULL = YES;
				CLANG_ANALYZER_NUMBER_OBJECT_CONVERSION = YES_AGGRESSIVE;
				CLANG_CXX_LANGUAGE_STANDARD = "gnu++17";
				CLANG_CXX_LIBRARY = "libc++";
				CLANG_ENABLE_MODULES = YES;
				CLANG_ENABLE_OBJC_ARC = YES;
				CLANG_ENABLE_OBJC_WEAK = YES;
				CLANG_WARN_BLOCK_CAPTURE_AUTORELEASING = YES;
				CLANG_WARN_BOOL_CONVERSION = YES;
				CLANG_WARN_COMMA = YES;
				CLANG_WARN_CONSTANT_CONVERSION = YES;
				CLANG_WARN_DEPRECATED_OBJC_IMPLEMENTATIONS = YES;
				CLANG_WARN_DIRECT_OBJC_ISA_USAGE = YES_ERROR;
				CLANG_WARN_DOCUMENTATION_COMMENTS = YES;
				CLANG_WARN_EMPTY_BODY = YES;
				CLANG_WARN_ENUM_CONVERSION = YES;
				CLANG_WARN_INFINITE_RECURSION = YES;
				CLANG_WARN_INT_CONVERSION = YES;
				CLANG_WARN_NON_LITERAL_NULL_CONVERSION = YES;
				CLANG_WARN_OBJC_IMPLICIT_RETAIN_SELF = YES;
				CLANG_WARN_OBJC_LITERAL_CONVERSION = YES;
				CLANG_WARN_OBJC_ROOT_CLASS = YES_ERROR;
				CLANG_WARN_QUOTED_INCLUDE_IN_FRAMEWORK_HEADER = YES;
				CLANG_WARN_RANGE_LOOP_ANALYSIS = YES;
				CLANG_WARN_STRICT_PROTOTYPES = YES;
				CLANG_WARN_SUSPICIOUS_MOVE = YES;
				CLANG_WARN_UNGUARDED_AVAILABILITY = YES_AGGRESSIVE;
				CLANG_WARN_UNREACHABLE_CODE = YES;
				CLANG_WARN__DUPLICATE_METHOD_MATCH = YES;
				COPY_PHASE_STRIP = NO;
				DEBUG_INFORMATION_FORMAT = dwarf;
				ENABLE_STRICT_OBJC_MSGSEND = YES;
				ENABLE_TESTABILITY = YES;
				GCC_C_LANGUAGE_STANDARD = gnu11;
				GCC_DYNAMIC_NO_PIC = NO;
				GCC_NO_COMMON_BLOCKS = YES;
				GCC_OPTIMIZATION_LEVEL = 0;
				GCC_PREPROCESSOR_DEFINITIONS = (
					"DEBUG=1",
					"$(inherited)",
				);
				GCC_WARN_64_TO_32_BIT_CONVERSION = YES;
				GCC_WARN_ABOUT_RETURN_TYPE = YES_ERROR;
				GCC_WARN_UNDECLARED_SELECTOR = YES;
				GCC_WARN_UNINITIALIZED_AUTOS = YES_AGGRESSIVE;
				GCC_WARN_UNUSED_FUNCTION = YES;
				GCC_WARN_UNUSED_VARIABLE = YES;
				IPHONEOS_DEPLOYMENT_TARGET = 15.2;
				MTL_ENABLE_DEBUG_INFO = INCLUDE_SOURCE;
				MTL_FAST_MATH = YES;
				ONLY_ACTIVE_ARCH = YES;
				SDKROOT = iphoneos;
				SWIFT_ACTIVE_COMPILATION_CONDITIONS = DEBUG;
				SWIFT_OPTIMIZATION_LEVEL = "-Onone";
			};
			name = Debug;
		};
		C760B59B27AF641C004B9D9E /* Release */ = {
			isa = XCBuildConfiguration;
			buildSettings = {
				ALWAYS_SEARCH_USER_PATHS = NO;
				CLANG_ANALYZER_NONNULL = YES;
				CLANG_ANALYZER_NUMBER_OBJECT_CONVERSION = YES_AGGRESSIVE;
				CLANG_CXX_LANGUAGE_STANDARD = "gnu++17";
				CLANG_CXX_LIBRARY = "libc++";
				CLANG_ENABLE_MODULES = YES;
				CLANG_ENABLE_OBJC_ARC = YES;
				CLANG_ENABLE_OBJC_WEAK = YES;
				CLANG_WARN_BLOCK_CAPTURE_AUTORELEASING = YES;
				CLANG_WARN_BOOL_CONVERSION = YES;
				CLANG_WARN_COMMA = YES;
				CLANG_WARN_CONSTANT_CONVERSION = YES;
				CLANG_WARN_DEPRECATED_OBJC_IMPLEMENTATIONS = YES;
				CLANG_WARN_DIRECT_OBJC_ISA_USAGE = YES_ERROR;
				CLANG_WARN_DOCUMENTATION_COMMENTS = YES;
				CLANG_WARN_EMPTY_BODY = YES;
				CLANG_WARN_ENUM_CONVERSION = YES;
				CLANG_WARN_INFINITE_RECURSION = YES;
				CLANG_WARN_INT_CONVERSION = YES;
				CLANG_WARN_NON_LITERAL_NULL_CONVERSION = YES;
				CLANG_WARN_OBJC_IMPLICIT_RETAIN_SELF = YES;
				CLANG_WARN_OBJC_LITERAL_CONVERSION = YES;
				CLANG_WARN_OBJC_ROOT_CLASS = YES_ERROR;
				CLANG_WARN_QUOTED_INCLUDE_IN_FRAMEWORK_HEADER = YES;
				CLANG_WARN_RANGE_LOOP_ANALYSIS = YES;
				CLANG_WARN_STRICT_PROTOTYPES = YES;
				CLANG_WARN_SUSPICIOUS_MOVE = YES;
				CLANG_WARN_UNGUARDED_AVAILABILITY = YES_AGGRESSIVE;
				CLANG_WARN_UNREACHABLE_CODE = YES;
				CLANG_WARN__DUPLICATE_METHOD_MATCH = YES;
				COPY_PHASE_STRIP = NO;
				DEBUG_INFORMATION_FORMAT = "dwarf-with-dsym";
				ENABLE_NS_ASSERTIONS = NO;
				ENABLE_STRICT_OBJC_MSGSEND = YES;
				GCC_C_LANGUAGE_STANDARD = gnu11;
				GCC_NO_COMMON_BLOCKS = YES;
				GCC_WARN_64_TO_32_BIT_CONVERSION = YES;
				GCC_WARN_ABOUT_RETURN_TYPE = YES_ERROR;
				GCC_WARN_UNDECLARED_SELECTOR = YES;
				GCC_WARN_UNINITIALIZED_AUTOS = YES_AGGRESSIVE;
				GCC_WARN_UNUSED_FUNCTION = YES;
				GCC_WARN_UNUSED_VARIABLE = YES;
				IPHONEOS_DEPLOYMENT_TARGET = 15.2;
				MTL_ENABLE_DEBUG_INFO = NO;
				MTL_FAST_MATH = YES;
				SDKROOT = iphoneos;
				SWIFT_COMPILATION_MODE = wholemodule;
				SWIFT_OPTIMIZATION_LEVEL = "-O";
				VALIDATE_PRODUCT = YES;
			};
			name = Release;
		};
		C760B59D27AF641C004B9D9E /* Debug */ = {
			isa = XCBuildConfiguration;
			buildSettings = {
				ALWAYS_EMBED_SWIFT_STANDARD_LIBRARIES = YES;
				ASSETCATALOG_COMPILER_APPICON_NAME = AppIcon;
				ASSETCATALOG_COMPILER_GLOBAL_ACCENT_COLOR_NAME = AccentColor;
				CODE_SIGN_STYLE = Automatic;
				CURRENT_PROJECT_VERSION = 1;
				DEVELOPMENT_TEAM = VD8R79VPP9;
				GENERATE_INFOPLIST_FILE = YES;
				INFOPLIST_FILE = TodayApp/Info.plist;
				INFOPLIST_KEY_CFBundleDisplayName = Today;
				INFOPLIST_KEY_UIApplicationSupportsIndirectInputEvents = YES;
				INFOPLIST_KEY_UILaunchStoryboardName = LaunchScreen;
				INFOPLIST_KEY_UIMainStoryboardFile = Main;
				INFOPLIST_KEY_UISupportedInterfaceOrientations_iPad = "UIInterfaceOrientationPortrait UIInterfaceOrientationPortraitUpsideDown UIInterfaceOrientationLandscapeLeft UIInterfaceOrientationLandscapeRight";
				INFOPLIST_KEY_UISupportedInterfaceOrientations_iPhone = "UIInterfaceOrientationPortrait UIInterfaceOrientationLandscapeLeft UIInterfaceOrientationLandscapeRight";
				LD_RUNPATH_SEARCH_PATHS = (
					"$(inherited)",
					"@executable_path/Frameworks",
				);
				MARKETING_VERSION = 1.0;
				PRODUCT_BUNDLE_IDENTIFIER = com.eventuallygames.TodayApp;
				PRODUCT_NAME = "$(TARGET_NAME)";
				SWIFT_EMIT_LOC_STRINGS = YES;
				SWIFT_VERSION = 5.0;
				TARGETED_DEVICE_FAMILY = "1,2";
			};
			name = Debug;
		};
		C760B59E27AF641C004B9D9E /* Release */ = {
			isa = XCBuildConfiguration;
			buildSettings = {
				ALWAYS_EMBED_SWIFT_STANDARD_LIBRARIES = YES;
				ASSETCATALOG_COMPILER_APPICON_NAME = AppIcon;
				ASSETCATALOG_COMPILER_GLOBAL_ACCENT_COLOR_NAME = AccentColor;
				CODE_SIGN_STYLE = Automatic;
				CURRENT_PROJECT_VERSION = 1;
				DEVELOPMENT_TEAM = VD8R79VPP9;
				GENERATE_INFOPLIST_FILE = YES;
				INFOPLIST_FILE = TodayApp/Info.plist;
				INFOPLIST_KEY_CFBundleDisplayName = Today;
				INFOPLIST_KEY_UIApplicationSupportsIndirectInputEvents = YES;
				INFOPLIST_KEY_UILaunchStoryboardName = LaunchScreen;
				INFOPLIST_KEY_UIMainStoryboardFile = Main;
				INFOPLIST_KEY_UISupportedInterfaceOrientations_iPad = "UIInterfaceOrientationPortrait UIInterfaceOrientationPortraitUpsideDown UIInterfaceOrientationLandscapeLeft UIInterfaceOrientationLandscapeRight";
				INFOPLIST_KEY_UISupportedInterfaceOrientations_iPhone = "UIInterfaceOrientationPortrait UIInterfaceOrientationLandscapeLeft UIInterfaceOrientationLandscapeRight";
				LD_RUNPATH_SEARCH_PATHS = (
					"$(inherited)",
					"@executable_path/Frameworks",
				);
				MARKETING_VERSION = 1.0;
				PRODUCT_BUNDLE_IDENTIFIER = com.eventuallygames.TodayApp;
				PRODUCT_NAME = "$(TARGET_NAME)";
				SWIFT_EMIT_LOC_STRINGS = YES;
				SWIFT_VERSION = 5.0;
				TARGETED_DEVICE_FAMILY = "1,2";
			};
			name = Release;
		};
		C78C262527C3513000248AB2 /* Debug */ = {
			isa = XCBuildConfiguration;
			buildSettings = {
				CLANG_ENABLE_MODULES = YES;
				CODE_SIGN_STYLE = Automatic;
				CURRENT_PROJECT_VERSION = 1;
				DEFINES_MODULE = YES;
				DEVELOPMENT_TEAM = VD8R79VPP9;
				DYLIB_COMPATIBILITY_VERSION = 1;
				DYLIB_CURRENT_VERSION = 1;
				DYLIB_INSTALL_NAME_BASE = "@rpath";
				GENERATE_INFOPLIST_FILE = YES;
				INFOPLIST_KEY_NSHumanReadableCopyright = "";
				INSTALL_PATH = "$(LOCAL_LIBRARY_DIR)/Frameworks";
				LD_RUNPATH_SEARCH_PATHS = (
					"$(inherited)",
					"@executable_path/Frameworks",
					"@loader_path/Frameworks",
				);
				MARKETING_VERSION = 1.0;
				PRODUCT_BUNDLE_IDENTIFIER = com.eventuallygames.TodayAppShared;
				PRODUCT_NAME = "$(TARGET_NAME:c99extidentifier)";
				SKIP_INSTALL = YES;
				SWIFT_EMIT_LOC_STRINGS = YES;
				SWIFT_OPTIMIZATION_LEVEL = "-Onone";
				SWIFT_VERSION = 5.0;
				TARGETED_DEVICE_FAMILY = "1,2";
				VERSIONING_SYSTEM = "apple-generic";
				VERSION_INFO_PREFIX = "";
			};
			name = Debug;
		};
		C78C262627C3513000248AB2 /* Release */ = {
			isa = XCBuildConfiguration;
			buildSettings = {
				CLANG_ENABLE_MODULES = YES;
				CODE_SIGN_STYLE = Automatic;
				CURRENT_PROJECT_VERSION = 1;
				DEFINES_MODULE = YES;
				DEVELOPMENT_TEAM = VD8R79VPP9;
				DYLIB_COMPATIBILITY_VERSION = 1;
				DYLIB_CURRENT_VERSION = 1;
				DYLIB_INSTALL_NAME_BASE = "@rpath";
				GENERATE_INFOPLIST_FILE = YES;
				INFOPLIST_KEY_NSHumanReadableCopyright = "";
				INSTALL_PATH = "$(LOCAL_LIBRARY_DIR)/Frameworks";
				LD_RUNPATH_SEARCH_PATHS = (
					"$(inherited)",
					"@executable_path/Frameworks",
					"@loader_path/Frameworks",
				);
				MARKETING_VERSION = 1.0;
				PRODUCT_BUNDLE_IDENTIFIER = com.eventuallygames.TodayAppShared;
				PRODUCT_NAME = "$(TARGET_NAME:c99extidentifier)";
				SKIP_INSTALL = YES;
				SWIFT_EMIT_LOC_STRINGS = YES;
				SWIFT_VERSION = 5.0;
				TARGETED_DEVICE_FAMILY = "1,2";
				VERSIONING_SYSTEM = "apple-generic";
				VERSION_INFO_PREFIX = "";
			};
			name = Release;
		};
/* End XCBuildConfiguration section */

/* Begin XCConfigurationList section */
		C760B58327AF641A004B9D9E /* Build configuration list for PBXProject "TodayApp" */ = {
			isa = XCConfigurationList;
			buildConfigurations = (
				C760B59A27AF641C004B9D9E /* Debug */,
				C760B59B27AF641C004B9D9E /* Release */,
			);
			defaultConfigurationIsVisible = 0;
			defaultConfigurationName = Release;
		};
		C760B59C27AF641C004B9D9E /* Build configuration list for PBXNativeTarget "TodayApp" */ = {
			isa = XCConfigurationList;
			buildConfigurations = (
				C760B59D27AF641C004B9D9E /* Debug */,
				C760B59E27AF641C004B9D9E /* Release */,
			);
			defaultConfigurationIsVisible = 0;
			defaultConfigurationName = Release;
		};
		C78C262727C3513000248AB2 /* Build configuration list for PBXNativeTarget "TodayAppShared" */ = {
			isa = XCConfigurationList;
			buildConfigurations = (
				C78C262527C3513000248AB2 /* Debug */,
				C78C262627C3513000248AB2 /* Release */,
			);
			defaultConfigurationIsVisible = 0;
			defaultConfigurationName = Release;
		};
/* End XCConfigurationList section */
	};
	rootObject = C760B58027AF641A004B9D9E /* Project object */;
}
